// !$*UTF8*$!
{
	archiveVersion = 1;
	classes = {
	};
	objectVersion = 56;
	objects = {

/* Begin PBXBuildFile section */
		997ECBB82B39841200D4A81F /* LaunchScreenViewController.swift in Sources */ = {isa = PBXBuildFile; fileRef = 997ECBB72B39841200D4A81F /* LaunchScreenViewController.swift */; };
		997ECBBC2B39852800D4A81F /* 앱 로딩 화면.jpg in Resources */ = {isa = PBXBuildFile; fileRef = 997ECBBB2B39852800D4A81F /* 앱 로딩 화면.jpg */; };
		99F725A92B2C5DF700F7A702 /* AppDelegate.swift in Sources */ = {isa = PBXBuildFile; fileRef = 99F725A82B2C5DF700F7A702 /* AppDelegate.swift */; };
		99F725AB2B2C5DF700F7A702 /* SceneDelegate.swift in Sources */ = {isa = PBXBuildFile; fileRef = 99F725AA2B2C5DF700F7A702 /* SceneDelegate.swift */; };
		99F725AD2B2C5DF700F7A702 /* ViewController.swift in Sources */ = {isa = PBXBuildFile; fileRef = 99F725AC2B2C5DF700F7A702 /* ViewController.swift */; };
		99F725B02B2C5DF700F7A702 /* Main.storyboard in Resources */ = {isa = PBXBuildFile; fileRef = 99F725AE2B2C5DF700F7A702 /* Main.storyboard */; };
		99F725B22B2C5DF800F7A702 /* Assets.xcassets in Resources */ = {isa = PBXBuildFile; fileRef = 99F725B12B2C5DF800F7A702 /* Assets.xcassets */; };
		99F725B52B2C5DF800F7A702 /* LaunchScreen.storyboard in Resources */ = {isa = PBXBuildFile; fileRef = 99F725B32B2C5DF800F7A702 /* LaunchScreen.storyboard */; };
/* End PBXBuildFile section */

/* Begin PBXFileReference section */
		990AA2D62B3AE7E40039A38E /* ko */ = {isa = PBXFileReference; lastKnownFileType = text.plist.strings; name = ko; path = ko.lproj/Main.strings; sourceTree = "<group>"; };
		990AA2D72B3AE7E40039A38E /* ko */ = {isa = PBXFileReference; lastKnownFileType = text.plist.strings; name = ko; path = ko.lproj/LaunchScreen.strings; sourceTree = "<group>"; };
		997ECBB72B39841200D4A81F /* LaunchScreenViewController.swift */ = {isa = PBXFileReference; lastKnownFileType = sourcecode.swift; path = LaunchScreenViewController.swift; sourceTree = "<group>"; };
		997ECBBB2B39852800D4A81F /* 앱 로딩 화면.jpg */ = {isa = PBXFileReference; lastKnownFileType = image.jpeg; name = "앱 로딩 화면.jpg"; path = "../../../Downloads/앱 로딩 화면.jpg"; sourceTree = "<group>"; };
		99F725A52B2C5DF700F7A702 /* petraschu_APP.app */ = {isa = PBXFileReference; explicitFileType = wrapper.application; includeInIndex = 0; path = petraschu_APP.app; sourceTree = BUILT_PRODUCTS_DIR; };
		99F725A82B2C5DF700F7A702 /* AppDelegate.swift */ = {isa = PBXFileReference; lastKnownFileType = sourcecode.swift; path = AppDelegate.swift; sourceTree = "<group>"; };
		99F725AA2B2C5DF700F7A702 /* SceneDelegate.swift */ = {isa = PBXFileReference; lastKnownFileType = sourcecode.swift; path = SceneDelegate.swift; sourceTree = "<group>"; };
		99F725AC2B2C5DF700F7A702 /* ViewController.swift */ = {isa = PBXFileReference; lastKnownFileType = sourcecode.swift; path = ViewController.swift; sourceTree = "<group>"; };
		99F725AF2B2C5DF700F7A702 /* Base */ = {isa = PBXFileReference; lastKnownFileType = file.storyboard; name = Base; path = Base.lproj/Main.storyboard; sourceTree = "<group>"; };
		99F725B12B2C5DF800F7A702 /* Assets.xcassets */ = {isa = PBXFileReference; lastKnownFileType = folder.assetcatalog; path = Assets.xcassets; sourceTree = "<group>"; };
		99F725B42B2C5DF800F7A702 /* Base */ = {isa = PBXFileReference; lastKnownFileType = file.storyboard; name = Base; path = Base.lproj/LaunchScreen.storyboard; sourceTree = "<group>"; };
		99F725B62B2C5DF800F7A702 /* Info.plist */ = {isa = PBXFileReference; lastKnownFileType = text.plist.xml; path = Info.plist; sourceTree = "<group>"; };
/* End PBXFileReference section */

/* Begin PBXFrameworksBuildPhase section */
		99F725A22B2C5DF700F7A702 /* Frameworks */ = {
			isa = PBXFrameworksBuildPhase;
			buildActionMask = 2147483647;
			files = (
			);
			runOnlyForDeploymentPostprocessing = 0;
		};
/* End PBXFrameworksBuildPhase section */

/* Begin PBXGroup section */
		99F7259C2B2C5DF700F7A702 = {
			isa = PBXGroup;
			children = (
				99F725A72B2C5DF700F7A702 /* petraschu_APP */,
				99F725A62B2C5DF700F7A702 /* Products */,
			);
			sourceTree = "<group>";
		};
		99F725A62B2C5DF700F7A702 /* Products */ = {
			isa = PBXGroup;
			children = (
				99F725A52B2C5DF700F7A702 /* petraschu_APP.app */,
			);
			name = Products;
			sourceTree = "<group>";
		};
		99F725A72B2C5DF700F7A702 /* petraschu_APP */ = {
			isa = PBXGroup;
			children = (
				99F725A82B2C5DF700F7A702 /* AppDelegate.swift */,
				99F725AA2B2C5DF700F7A702 /* SceneDelegate.swift */,
				99F725AC2B2C5DF700F7A702 /* ViewController.swift */,
				99F725AE2B2C5DF700F7A702 /* Main.storyboard */,
				99F725B12B2C5DF800F7A702 /* Assets.xcassets */,
				99F725B32B2C5DF800F7A702 /* LaunchScreen.storyboard */,
				997ECBB72B39841200D4A81F /* LaunchScreenViewController.swift */,
				99F725B62B2C5DF800F7A702 /* Info.plist */,
				997ECBBB2B39852800D4A81F /* 앱 로딩 화면.jpg */,
			);
			path = petraschu_APP;
			sourceTree = "<group>";
		};
/* End PBXGroup section */

/* Begin PBXNativeTarget section */
		99F725A42B2C5DF700F7A702 /* petraschu_APP */ = {
			isa = PBXNativeTarget;
			buildConfigurationList = 99F725B92B2C5DF800F7A702 /* Build configuration list for PBXNativeTarget "petraschu_APP" */;
			buildPhases = (
				99F725A12B2C5DF700F7A702 /* Sources */,
				99F725A22B2C5DF700F7A702 /* Frameworks */,
				99F725A32B2C5DF700F7A702 /* Resources */,
			);
			buildRules = (
			);
			dependencies = (
			);
			name = petraschu_APP;
			productName = petraschu_APP;
			productReference = 99F725A52B2C5DF700F7A702 /* petraschu_APP.app */;
			productType = "com.apple.product-type.application";
		};
/* End PBXNativeTarget section */

/* Begin PBXProject section */
		99F7259D2B2C5DF700F7A702 /* Project object */ = {
			isa = PBXProject;
			attributes = {
				BuildIndependentTargetsInParallel = 1;
				LastSwiftUpdateCheck = 1500;
				LastUpgradeCheck = 1500;
				TargetAttributes = {
					99F725A42B2C5DF700F7A702 = {
						CreatedOnToolsVersion = 15.0.1;
					};
				};
			};
			buildConfigurationList = 99F725A02B2C5DF700F7A702 /* Build configuration list for PBXProject "petraschu_APP" */;
			compatibilityVersion = "Xcode 14.0";
			developmentRegion = ko;
			hasScannedForEncodings = 0;
			knownRegions = (
				en,
				Base,
				ko,
			);
			mainGroup = 99F7259C2B2C5DF700F7A702;
			productRefGroup = 99F725A62B2C5DF700F7A702 /* Products */;
			projectDirPath = "";
			projectRoot = "";
			targets = (
				99F725A42B2C5DF700F7A702 /* petraschu_APP */,
			);
		};
/* End PBXProject section */

/* Begin PBXResourcesBuildPhase section */
		99F725A32B2C5DF700F7A702 /* Resources */ = {
			isa = PBXResourcesBuildPhase;
			buildActionMask = 2147483647;
			files = (
				99F725B52B2C5DF800F7A702 /* LaunchScreen.storyboard in Resources */,
				99F725B22B2C5DF800F7A702 /* Assets.xcassets in Resources */,
				99F725B02B2C5DF700F7A702 /* Main.storyboard in Resources */,
				997ECBBC2B39852800D4A81F /* 앱 로딩 화면.jpg in Resources */,
			);
			runOnlyForDeploymentPostprocessing = 0;
		};
/* End PBXResourcesBuildPhase section */

/* Begin PBXSourcesBuildPhase section */
		99F725A12B2C5DF700F7A702 /* Sources */ = {
			isa = PBXSourcesBuildPhase;
			buildActionMask = 2147483647;
			files = (
				99F725AD2B2C5DF700F7A702 /* ViewController.swift in Sources */,
				99F725A92B2C5DF700F7A702 /* AppDelegate.swift in Sources */,
				997ECBB82B39841200D4A81F /* LaunchScreenViewController.swift in Sources */,
				99F725AB2B2C5DF700F7A702 /* SceneDelegate.swift in Sources */,
			);
			runOnlyForDeploymentPostprocessing = 0;
		};
/* End PBXSourcesBuildPhase section */

/* Begin PBXVariantGroup section */
		99F725AE2B2C5DF700F7A702 /* Main.storyboard */ = {
			isa = PBXVariantGroup;
			children = (
				99F725AF2B2C5DF700F7A702 /* Base */,
				990AA2D62B3AE7E40039A38E /* ko */,
			);
			name = Main.storyboard;
			sourceTree = "<group>";
		};
		99F725B32B2C5DF800F7A702 /* LaunchScreen.storyboard */ = {
			isa = PBXVariantGroup;
			children = (
				99F725B42B2C5DF800F7A702 /* Base */,
				990AA2D72B3AE7E40039A38E /* ko */,
			);
			name = LaunchScreen.storyboard;
			sourceTree = "<group>";
		};
/* End PBXVariantGroup section */

/* Begin XCBuildConfiguration section */
		99F725B72B2C5DF800F7A702 /* Debug */ = {
			isa = XCBuildConfiguration;
			buildSettings = {
				ALWAYS_SEARCH_USER_PATHS = NO;
				ASSETCATALOG_COMPILER_GENERATE_SWIFT_ASSET_SYMBOL_EXTENSIONS = YES;
				CLANG_ANALYZER_LOCALIZABILITY_NONLOCALIZED = YES;
				CLANG_ANALYZER_NONNULL = YES;
				CLANG_ANALYZER_NUMBER_OBJECT_CONVERSION = YES_AGGRESSIVE;
				CLANG_CXX_LANGUAGE_STANDARD = "gnu++20";
				CLANG_ENABLE_MODULES = YES;
				CLANG_ENABLE_OBJC_ARC = YES;
				CLANG_ENABLE_OBJC_WEAK = YES;
				CLANG_WARN_BLOCK_CAPTURE_AUTORELEASING = YES;
				CLANG_WARN_BOOL_CONVERSION = YES;
				CLANG_WARN_COMMA = YES;
				CLANG_WARN_CONSTANT_CONVERSION = YES;
				CLANG_WARN_DEPRECATED_OBJC_IMPLEMENTATIONS = YES;
				CLANG_WARN_DIRECT_OBJC_ISA_USAGE = YES_ERROR;
				CLANG_WARN_DOCUMENTATION_COMMENTS = YES;
				CLANG_WARN_EMPTY_BODY = YES;
				CLANG_WARN_ENUM_CONVERSION = YES;
				CLANG_WARN_INFINITE_RECURSION = YES;
				CLANG_WARN_INT_CONVERSION = YES;
				CLANG_WARN_NON_LITERAL_NULL_CONVERSION = YES;
				CLANG_WARN_OBJC_IMPLICIT_RETAIN_SELF = YES;
				CLANG_WARN_OBJC_LITERAL_CONVERSION = YES;
				CLANG_WARN_OBJC_ROOT_CLASS = YES_ERROR;
				CLANG_WARN_QUOTED_INCLUDE_IN_FRAMEWORK_HEADER = YES;
				CLANG_WARN_RANGE_LOOP_ANALYSIS = YES;
				CLANG_WARN_STRICT_PROTOTYPES = YES;
				CLANG_WARN_SUSPICIOUS_MOVE = YES;
				CLANG_WARN_UNGUARDED_AVAILABILITY = YES_AGGRESSIVE;
				CLANG_WARN_UNREACHABLE_CODE = YES;
				CLANG_WARN__DUPLICATE_METHOD_MATCH = YES;
				COPY_PHASE_STRIP = NO;
				DEBUG_INFORMATION_FORMAT = dwarf;
				ENABLE_STRICT_OBJC_MSGSEND = YES;
				ENABLE_TESTABILITY = YES;
				ENABLE_USER_SCRIPT_SANDBOXING = YES;
				GCC_C_LANGUAGE_STANDARD = gnu17;
				GCC_DYNAMIC_NO_PIC = NO;
				GCC_NO_COMMON_BLOCKS = YES;
				GCC_OPTIMIZATION_LEVEL = 0;
				GCC_PREPROCESSOR_DEFINITIONS = (
					"DEBUG=1",
					"$(inherited)",
				);
				GCC_WARN_64_TO_32_BIT_CONVERSION = YES;
				GCC_WARN_ABOUT_RETURN_TYPE = YES_ERROR;
				GCC_WARN_UNDECLARED_SELECTOR = YES;
				GCC_WARN_UNINITIALIZED_AUTOS = YES_AGGRESSIVE;
				GCC_WARN_UNUSED_FUNCTION = YES;
				GCC_WARN_UNUSED_VARIABLE = YES;
				IPHONEOS_DEPLOYMENT_TARGET = 17.0;
				LOCALIZATION_PREFERS_STRING_CATALOGS = YES;
				MTL_ENABLE_DEBUG_INFO = INCLUDE_SOURCE;
				MTL_FAST_MATH = YES;
				ONLY_ACTIVE_ARCH = YES;
				SDKROOT = iphoneos;
				SWIFT_ACTIVE_COMPILATION_CONDITIONS = "DEBUG $(inherited)";
				SWIFT_OPTIMIZATION_LEVEL = "-Onone";
			};
			name = Debug;
		};
		99F725B82B2C5DF800F7A702 /* Release */ = {
			isa = XCBuildConfiguration;
			buildSettings = {
				ALWAYS_SEARCH_USER_PATHS = NO;
				ASSETCATALOG_COMPILER_GENERATE_SWIFT_ASSET_SYMBOL_EXTENSIONS = YES;
				CLANG_ANALYZER_LOCALIZABILITY_NONLOCALIZED = YES;
				CLANG_ANALYZER_NONNULL = YES;
				CLANG_ANALYZER_NUMBER_OBJECT_CONVERSION = YES_AGGRESSIVE;
				CLANG_CXX_LANGUAGE_STANDARD = "gnu++20";
				CLANG_ENABLE_MODULES = YES;
				CLANG_ENABLE_OBJC_ARC = YES;
				CLANG_ENABLE_OBJC_WEAK = YES;
				CLANG_WARN_BLOCK_CAPTURE_AUTORELEASING = YES;
				CLANG_WARN_BOOL_CONVERSION = YES;
				CLANG_WARN_COMMA = YES;
				CLANG_WARN_CONSTANT_CONVERSION = YES;
				CLANG_WARN_DEPRECATED_OBJC_IMPLEMENTATIONS = YES;
				CLANG_WARN_DIRECT_OBJC_ISA_USAGE = YES_ERROR;
				CLANG_WARN_DOCUMENTATION_COMMENTS = YES;
				CLANG_WARN_EMPTY_BODY = YES;
				CLANG_WARN_ENUM_CONVERSION = YES;
				CLANG_WARN_INFINITE_RECURSION = YES;
				CLANG_WARN_INT_CONVERSION = YES;
				CLANG_WARN_NON_LITERAL_NULL_CONVERSION = YES;
				CLANG_WARN_OBJC_IMPLICIT_RETAIN_SELF = YES;
				CLANG_WARN_OBJC_LITERAL_CONVERSION = YES;
				CLANG_WARN_OBJC_ROOT_CLASS = YES_ERROR;
				CLANG_WARN_QUOTED_INCLUDE_IN_FRAMEWORK_HEADER = YES;
				CLANG_WARN_RANGE_LOOP_ANALYSIS = YES;
				CLANG_WARN_STRICT_PROTOTYPES = YES;
				CLANG_WARN_SUSPICIOUS_MOVE = YES;
				CLANG_WARN_UNGUARDED_AVAILABILITY = YES_AGGRESSIVE;
				CLANG_WARN_UNREACHABLE_CODE = YES;
				CLANG_WARN__DUPLICATE_METHOD_MATCH = YES;
				COPY_PHASE_STRIP = NO;
				DEBUG_INFORMATION_FORMAT = "dwarf-with-dsym";
				ENABLE_NS_ASSERTIONS = NO;
				ENABLE_STRICT_OBJC_MSGSEND = YES;
				ENABLE_USER_SCRIPT_SANDBOXING = YES;
				GCC_C_LANGUAGE_STANDARD = gnu17;
				GCC_NO_COMMON_BLOCKS = YES;
				GCC_WARN_64_TO_32_BIT_CONVERSION = YES;
				GCC_WARN_ABOUT_RETURN_TYPE = YES_ERROR;
				GCC_WARN_UNDECLARED_SELECTOR = YES;
				GCC_WARN_UNINITIALIZED_AUTOS = YES_AGGRESSIVE;
				GCC_WARN_UNUSED_FUNCTION = YES;
				GCC_WARN_UNUSED_VARIABLE = YES;
				IPHONEOS_DEPLOYMENT_TARGET = 17.0;
				LOCALIZATION_PREFERS_STRING_CATALOGS = YES;
				MTL_ENABLE_DEBUG_INFO = NO;
				MTL_FAST_MATH = YES;
				SDKROOT = iphoneos;
				SWIFT_COMPILATION_MODE = wholemodule;
				VALIDATE_PRODUCT = YES;
			};
			name = Release;
		};
		99F725BA2B2C5DF800F7A702 /* Debug */ = {
			isa = XCBuildConfiguration;
			buildSettings = {
				ASSETCATALOG_COMPILER_APPICON_NAME = AppIcon;
				ASSETCATALOG_COMPILER_GLOBAL_ACCENT_COLOR_NAME = AccentColor;
				CODE_SIGN_STYLE = Automatic;
				CURRENT_PROJECT_VERSION = 2;
				DEVELOPMENT_TEAM = L47A4526FL;
				GENERATE_INFOPLIST_FILE = YES;
				INFOPLIST_FILE = petraschu_APP/Info.plist;
				INFOPLIST_KEY_NSLocationAlwaysAndWhenInUseUsageDescription = "위치정보 권한이 필요합니다. (항상 or 앱을 사용하는 동안 위치정보를 수신합니다.)";
				INFOPLIST_KEY_NSLocationAlwaysUsageDescription = "위치정보 권한이 필요합니다. (항상 위치정보를 수신합니다.)";
				INFOPLIST_KEY_NSLocationWhenInUseUsageDescription = "위치정보 권한이 필요합니다. (앱을 사용하는 동안에만 위치정보를 수신합니다.)";
				INFOPLIST_KEY_UIApplicationSupportsIndirectInputEvents = YES;
				INFOPLIST_KEY_UILaunchStoryboardName = LaunchScreen;
				INFOPLIST_KEY_UIMainStoryboardFile = Main;
				INFOPLIST_KEY_UISupportedInterfaceOrientations_iPad = "UIInterfaceOrientationPortrait UIInterfaceOrientationPortraitUpsideDown UIInterfaceOrientationLandscapeLeft UIInterfaceOrientationLandscapeRight";
				INFOPLIST_KEY_UISupportedInterfaceOrientations_iPhone = "UIInterfaceOrientationPortrait UIInterfaceOrientationLandscapeLeft UIInterfaceOrientationLandscapeRight";
				IPHONEOS_DEPLOYMENT_TARGET = 16.0;
				LD_RUNPATH_SEARCH_PATHS = (
					"$(inherited)",
					"@executable_path/Frameworks",
				);
				MARKETING_VERSION = 1.9.1;
				PRODUCT_BUNDLE_IDENTIFIER = com.dmpnetworks.petraschu;
				PRODUCT_NAME = "$(TARGET_NAME)";
				SUPPORTED_PLATFORMS = "iphoneos iphonesimulator";
				SUPPORTS_MACCATALYST = NO;
				SWIFT_EMIT_LOC_STRINGS = YES;
				SWIFT_VERSION = 5.0;
				TARGETED_DEVICE_FAMILY = "1,2";
			};
			name = Debug;
		};
		99F725BB2B2C5DF800F7A702 /* Release */ = {
			isa = XCBuildConfiguration;
			buildSettings = {
				ASSETCATALOG_COMPILER_APPICON_NAME = AppIcon;
				ASSETCATALOG_COMPILER_GLOBAL_ACCENT_COLOR_NAME = AccentColor;
				CODE_SIGN_STYLE = Automatic;
				CURRENT_PROJECT_VERSION = 2;
				DEVELOPMENT_TEAM = L47A4526FL;
				GENERATE_INFOPLIST_FILE = YES;
				INFOPLIST_FILE = petraschu_APP/Info.plist;
				INFOPLIST_KEY_NSLocationAlwaysAndWhenInUseUsageDescription = "위치정보 권한이 필요합니다. (항상 or 앱을 사용하는 동안 위치정보를 수신합니다.)";
				INFOPLIST_KEY_NSLocationAlwaysUsageDescription = "위치정보 권한이 필요합니다. (항상 위치정보를 수신합니다.)";
				INFOPLIST_KEY_NSLocationWhenInUseUsageDescription = "위치정보 권한이 필요합니다. (앱을 사용하는 동안에만 위치정보를 수신합니다.)";
				INFOPLIST_KEY_UIApplicationSupportsIndirectInputEvents = YES;
				INFOPLIST_KEY_UILaunchStoryboardName = LaunchScreen;
				INFOPLIST_KEY_UIMainStoryboardFile = Main;
				INFOPLIST_KEY_UISupportedInterfaceOrientations_iPad = "UIInterfaceOrientationPortrait UIInterfaceOrientationPortraitUpsideDown UIInterfaceOrientationLandscapeLeft UIInterfaceOrientationLandscapeRight";
				INFOPLIST_KEY_UISupportedInterfaceOrientations_iPhone = "UIInterfaceOrientationPortrait UIInterfaceOrientationLandscapeLeft UIInterfaceOrientationLandscapeRight";
				IPHONEOS_DEPLOYMENT_TARGET = 16.0;
				LD_RUNPATH_SEARCH_PATHS = (
					"$(inherited)",
					"@executable_path/Frameworks",
				);
				MARKETING_VERSION = 1.9.1;
				PRODUCT_BUNDLE_IDENTIFIER = com.dmpnetworks.petraschu;
				PRODUCT_NAME = "$(TARGET_NAME)";
				SUPPORTED_PLATFORMS = "iphoneos iphonesimulator";
				SUPPORTS_MACCATALYST = NO;
				SWIFT_EMIT_LOC_STRINGS = YES;
				SWIFT_VERSION = 5.0;
				TARGETED_DEVICE_FAMILY = "1,2";
			};
			name = Release;
		};
/* End XCBuildConfiguration section */

/* Begin XCConfigurationList section */
		99F725A02B2C5DF700F7A702 /* Build configuration list for PBXProject "petraschu_APP" */ = {
			isa = XCConfigurationList;
			buildConfigurations = (
				99F725B72B2C5DF800F7A702 /* Debug */,
				99F725B82B2C5DF800F7A702 /* Release */,
			);
			defaultConfigurationIsVisible = 0;
			defaultConfigurationName = Release;
		};
		99F725B92B2C5DF800F7A702 /* Build configuration list for PBXNativeTarget "petraschu_APP" */ = {
			isa = XCConfigurationList;
			buildConfigurations = (
				99F725BA2B2C5DF800F7A702 /* Debug */,
				99F725BB2B2C5DF800F7A702 /* Release */,
			);
			defaultConfigurationIsVisible = 0;
			defaultConfigurationName = Release;
		};
/* End XCConfigurationList section */
	};
	rootObject = 99F7259D2B2C5DF700F7A702 /* Project object */;
}
