// !$*UTF8*$!
{
	archiveVersion = 1;
	classes = {
	};
	objectVersion = 56;
	objects = {

/* Begin PBXBuildFile section */
		8B3DEE571B5AB692EA0D6489 /* Pods_petraschu.framework in Frameworks */ = {isa = PBXBuildFile; fileRef = 59EEE2B805D7EF36F483D6FC /* Pods_petraschu.framework */; };
		997ECBB82B39841200D4A81F /* LaunchScreenViewController.swift in Sources */ = {isa = PBXBuildFile; fileRef = 997ECBB72B39841200D4A81F /* LaunchScreenViewController.swift */; };
		997ECBBC2B39852800D4A81F /* 앱 로딩 화면.jpg in Resources */ = {isa = PBXBuildFile; fileRef = 997ECBBB2B39852800D4A81F /* 앱 로딩 화면.jpg */; };
		9996FE4C2B5695760013321D /* NotificationService.swift in Sources */ = {isa = PBXBuildFile; fileRef = 9996FE4B2B5695760013321D /* NotificationService.swift */; };
		9996FE502B5695760013321D /* FlareLaneNotificationServiceExtension.appex in Embed Foundation Extensions */ = {isa = PBXBuildFile; fileRef = 9996FE492B5695760013321D /* FlareLaneNotificationServiceExtension.appex */; settings = {ATTRIBUTES = (RemoveHeadersOnCopy, ); }; };
		99F725A92B2C5DF700F7A702 /* AppDelegate.swift in Sources */ = {isa = PBXBuildFile; fileRef = 99F725A82B2C5DF700F7A702 /* AppDelegate.swift */; };
		99F725AB2B2C5DF700F7A702 /* SceneDelegate.swift in Sources */ = {isa = PBXBuildFile; fileRef = 99F725AA2B2C5DF700F7A702 /* SceneDelegate.swift */; };
		99F725AD2B2C5DF700F7A702 /* ViewController.swift in Sources */ = {isa = PBXBuildFile; fileRef = 99F725AC2B2C5DF700F7A702 /* ViewController.swift */; };
		99F725B02B2C5DF700F7A702 /* Main.storyboard in Resources */ = {isa = PBXBuildFile; fileRef = 99F725AE2B2C5DF700F7A702 /* Main.storyboard */; };
		99F725B22B2C5DF800F7A702 /* Assets.xcassets in Resources */ = {isa = PBXBuildFile; fileRef = 99F725B12B2C5DF800F7A702 /* Assets.xcassets */; };
		99F725B52B2C5DF800F7A702 /* LaunchScreen.storyboard in Resources */ = {isa = PBXBuildFile; fileRef = 99F725B32B2C5DF800F7A702 /* LaunchScreen.storyboard */; };
		D13F41D1180A8025B8FAF1CD /* Pods_FlareLaneNotificationServiceExtension.framework in Frameworks */ = {isa = PBXBuildFile; fileRef = AAF42E21A369D4417B697A11 /* Pods_FlareLaneNotificationServiceExtension.framework */; };
/* End PBXBuildFile section */

/* Begin PBXContainerItemProxy section */
		9996FE4E2B5695760013321D /* PBXContainerItemProxy */ = {
			isa = PBXContainerItemProxy;
			containerPortal = 99F7259D2B2C5DF700F7A702 /* Project object */;
			proxyType = 1;
			remoteGlobalIDString = 9996FE482B5695760013321D;
			remoteInfo = FlareLaneNotificationServiceExtension;
		};
/* End PBXContainerItemProxy section */

/* Begin PBXCopyFilesBuildPhase section */
		9996FE542B5695760013321D /* Embed Foundation Extensions */ = {
			isa = PBXCopyFilesBuildPhase;
			buildActionMask = 2147483647;
			dstPath = "";
			dstSubfolderSpec = 13;
			files = (
				9996FE502B5695760013321D /* FlareLaneNotificationServiceExtension.appex in Embed Foundation Extensions */,
			);
			name = "Embed Foundation Extensions";
			runOnlyForDeploymentPostprocessing = 0;
		};
/* End PBXCopyFilesBuildPhase section */

/* Begin PBXFileReference section */
		055DC357A6DF42B40C011E3A /* Pods-FlareLaneNotificationServiceExtension.release.xcconfig */ = {isa = PBXFileReference; includeInIndex = 1; lastKnownFileType = text.xcconfig; name = "Pods-FlareLaneNotificationServiceExtension.release.xcconfig"; path = "Target Support Files/Pods-FlareLaneNotificationServiceExtension/Pods-FlareLaneNotificationServiceExtension.release.xcconfig"; sourceTree = "<group>"; };
		1AE8135FF1C43C3AD86087FA /* Pods-petraschu.release.xcconfig */ = {isa = PBXFileReference; includeInIndex = 1; lastKnownFileType = text.xcconfig; name = "Pods-petraschu.release.xcconfig"; path = "Target Support Files/Pods-petraschu/Pods-petraschu.release.xcconfig"; sourceTree = "<group>"; };
		59EEE2B805D7EF36F483D6FC /* Pods_petraschu.framework */ = {isa = PBXFileReference; explicitFileType = wrapper.framework; includeInIndex = 0; path = Pods_petraschu.framework; sourceTree = BUILT_PRODUCTS_DIR; };
		990AA2D62B3AE7E40039A38E /* ko */ = {isa = PBXFileReference; lastKnownFileType = text.plist.strings; name = ko; path = ko.lproj/Main.strings; sourceTree = "<group>"; };
		990AA2D72B3AE7E40039A38E /* ko */ = {isa = PBXFileReference; lastKnownFileType = text.plist.strings; name = ko; path = ko.lproj/LaunchScreen.strings; sourceTree = "<group>"; };
		997ECBB72B39841200D4A81F /* LaunchScreenViewController.swift */ = {isa = PBXFileReference; lastKnownFileType = sourcecode.swift; path = LaunchScreenViewController.swift; sourceTree = "<group>"; };
		997ECBBB2B39852800D4A81F /* 앱 로딩 화면.jpg */ = {isa = PBXFileReference; lastKnownFileType = image.jpeg; name = "앱 로딩 화면.jpg"; path = "../../../Downloads/앱 로딩 화면.jpg"; sourceTree = "<group>"; };
		9996FE442B5694EE0013321D /* petraschu.entitlements */ = {isa = PBXFileReference; lastKnownFileType = text.plist.entitlements; path = petraschu.entitlements; sourceTree = "<group>"; };
		9996FE492B5695760013321D /* FlareLaneNotificationServiceExtension.appex */ = {isa = PBXFileReference; explicitFileType = "wrapper.app-extension"; includeInIndex = 0; path = FlareLaneNotificationServiceExtension.appex; sourceTree = BUILT_PRODUCTS_DIR; };
		9996FE4B2B5695760013321D /* NotificationService.swift */ = {isa = PBXFileReference; lastKnownFileType = sourcecode.swift; path = NotificationService.swift; sourceTree = "<group>"; };
		9996FE4D2B5695760013321D /* Info.plist */ = {isa = PBXFileReference; lastKnownFileType = text.plist.xml; path = Info.plist; sourceTree = "<group>"; };
		99F725A52B2C5DF700F7A702 /* petraschu.app */ = {isa = PBXFileReference; explicitFileType = wrapper.application; includeInIndex = 0; path = petraschu.app; sourceTree = BUILT_PRODUCTS_DIR; };
		99F725A82B2C5DF700F7A702 /* AppDelegate.swift */ = {isa = PBXFileReference; lastKnownFileType = sourcecode.swift; path = AppDelegate.swift; sourceTree = "<group>"; };
		99F725AA2B2C5DF700F7A702 /* SceneDelegate.swift */ = {isa = PBXFileReference; lastKnownFileType = sourcecode.swift; path = SceneDelegate.swift; sourceTree = "<group>"; };
		99F725AC2B2C5DF700F7A702 /* ViewController.swift */ = {isa = PBXFileReference; lastKnownFileType = sourcecode.swift; path = ViewController.swift; sourceTree = "<group>"; };
		99F725AF2B2C5DF700F7A702 /* Base */ = {isa = PBXFileReference; lastKnownFileType = file.storyboard; name = Base; path = Base.lproj/Main.storyboard; sourceTree = "<group>"; };
		99F725B12B2C5DF800F7A702 /* Assets.xcassets */ = {isa = PBXFileReference; lastKnownFileType = folder.assetcatalog; path = Assets.xcassets; sourceTree = "<group>"; };
		99F725B42B2C5DF800F7A702 /* Base */ = {isa = PBXFileReference; lastKnownFileType = file.storyboard; name = Base; path = Base.lproj/LaunchScreen.storyboard; sourceTree = "<group>"; };
		99F725B62B2C5DF800F7A702 /* Info.plist */ = {isa = PBXFileReference; lastKnownFileType = text.plist.xml; path = Info.plist; sourceTree = "<group>"; };
		A822BC66AF2140B95E607494 /* Pods-FlareLaneNotificationServiceExtension.debug.xcconfig */ = {isa = PBXFileReference; includeInIndex = 1; lastKnownFileType = text.xcconfig; name = "Pods-FlareLaneNotificationServiceExtension.debug.xcconfig"; path = "Target Support Files/Pods-FlareLaneNotificationServiceExtension/Pods-FlareLaneNotificationServiceExtension.debug.xcconfig"; sourceTree = "<group>"; };
		AAF42E21A369D4417B697A11 /* Pods_FlareLaneNotificationServiceExtension.framework */ = {isa = PBXFileReference; explicitFileType = wrapper.framework; includeInIndex = 0; path = Pods_FlareLaneNotificationServiceExtension.framework; sourceTree = BUILT_PRODUCTS_DIR; };
		FBE615543937764C2A2CD0FF /* Pods-petraschu.debug.xcconfig */ = {isa = PBXFileReference; includeInIndex = 1; lastKnownFileType = text.xcconfig; name = "Pods-petraschu.debug.xcconfig"; path = "Target Support Files/Pods-petraschu/Pods-petraschu.debug.xcconfig"; sourceTree = "<group>"; };
/* End PBXFileReference section */

/* Begin PBXFrameworksBuildPhase section */
		9996FE462B5695760013321D /* Frameworks */ = {
			isa = PBXFrameworksBuildPhase;
			buildActionMask = 2147483647;
			files = (
				D13F41D1180A8025B8FAF1CD /* Pods_FlareLaneNotificationServiceExtension.framework in Frameworks */,
			);
			runOnlyForDeploymentPostprocessing = 0;
		};
		99F725A22B2C5DF700F7A702 /* Frameworks */ = {
			isa = PBXFrameworksBuildPhase;
			buildActionMask = 2147483647;
			files = (
				8B3DEE571B5AB692EA0D6489 /* Pods_petraschu.framework in Frameworks */,
			);
			runOnlyForDeploymentPostprocessing = 0;
		};
/* End PBXFrameworksBuildPhase section */

/* Begin PBXGroup section */
		233ED7B66E6A48676D417957 /* Pods */ = {
			isa = PBXGroup;
			children = (
				A822BC66AF2140B95E607494 /* Pods-FlareLaneNotificationServiceExtension.debug.xcconfig */,
				055DC357A6DF42B40C011E3A /* Pods-FlareLaneNotificationServiceExtension.release.xcconfig */,
				FBE615543937764C2A2CD0FF /* Pods-petraschu.debug.xcconfig */,
				1AE8135FF1C43C3AD86087FA /* Pods-petraschu.release.xcconfig */,
			);
			path = Pods;
			sourceTree = "<group>";
		};
		9996FE4A2B5695760013321D /* FlareLaneNotificationServiceExtension */ = {
			isa = PBXGroup;
			children = (
				9996FE4B2B5695760013321D /* NotificationService.swift */,
				9996FE4D2B5695760013321D /* Info.plist */,
			);
			path = FlareLaneNotificationServiceExtension;
			sourceTree = "<group>";
		};
		99F7259C2B2C5DF700F7A702 = {
			isa = PBXGroup;
			children = (
				99F725A72B2C5DF700F7A702 /* petraschu */,
				9996FE4A2B5695760013321D /* FlareLaneNotificationServiceExtension */,
				99F725A62B2C5DF700F7A702 /* Products */,
				233ED7B66E6A48676D417957 /* Pods */,
				C3C67368B31ECB4F3A36103B /* Frameworks */,
			);
			sourceTree = "<group>";
		};
		99F725A62B2C5DF700F7A702 /* Products */ = {
			isa = PBXGroup;
			children = (
				99F725A52B2C5DF700F7A702 /* petraschu.app */,
				9996FE492B5695760013321D /* FlareLaneNotificationServiceExtension.appex */,
			);
			name = Products;
			sourceTree = "<group>";
		};
		99F725A72B2C5DF700F7A702 /* petraschu */ = {
			isa = PBXGroup;
			children = (
				9996FE442B5694EE0013321D /* petraschu.entitlements */,
				99F725A82B2C5DF700F7A702 /* AppDelegate.swift */,
				99F725AA2B2C5DF700F7A702 /* SceneDelegate.swift */,
				99F725AC2B2C5DF700F7A702 /* ViewController.swift */,
				99F725AE2B2C5DF700F7A702 /* Main.storyboard */,
				99F725B12B2C5DF800F7A702 /* Assets.xcassets */,
				99F725B32B2C5DF800F7A702 /* LaunchScreen.storyboard */,
				997ECBB72B39841200D4A81F /* LaunchScreenViewController.swift */,
				99F725B62B2C5DF800F7A702 /* Info.plist */,
				997ECBBB2B39852800D4A81F /* 앱 로딩 화면.jpg */,
			);
			path = petraschu;
			sourceTree = "<group>";
		};
		C3C67368B31ECB4F3A36103B /* Frameworks */ = {
			isa = PBXGroup;
			children = (
				AAF42E21A369D4417B697A11 /* Pods_FlareLaneNotificationServiceExtension.framework */,
				59EEE2B805D7EF36F483D6FC /* Pods_petraschu.framework */,
			);
			name = Frameworks;
			sourceTree = "<group>";
		};
/* End PBXGroup section */

/* Begin PBXNativeTarget section */
		9996FE482B5695760013321D /* FlareLaneNotificationServiceExtension */ = {
			isa = PBXNativeTarget;
			buildConfigurationList = 9996FE512B5695760013321D /* Build configuration list for PBXNativeTarget "FlareLaneNotificationServiceExtension" */;
			buildPhases = (
				CC756AA91D0BC34B495F2D0D /* [CP] Check Pods Manifest.lock */,
				9996FE452B5695760013321D /* Sources */,
				9996FE462B5695760013321D /* Frameworks */,
				9996FE472B5695760013321D /* Resources */,
			);
			buildRules = (
			);
			dependencies = (
			);
			name = FlareLaneNotificationServiceExtension;
			productName = FlareLaneNotificationServiceExtension;
			productReference = 9996FE492B5695760013321D /* FlareLaneNotificationServiceExtension.appex */;
			productType = "com.apple.product-type.app-extension";
		};
		99F725A42B2C5DF700F7A702 /* petraschu */ = {
			isa = PBXNativeTarget;
			buildConfigurationList = 99F725B92B2C5DF800F7A702 /* Build configuration list for PBXNativeTarget "petraschu" */;
			buildPhases = (
				0FA43289FCB938510AEA8F77 /* [CP] Check Pods Manifest.lock */,
				99F725A12B2C5DF700F7A702 /* Sources */,
				99F725A22B2C5DF700F7A702 /* Frameworks */,
				99F725A32B2C5DF700F7A702 /* Resources */,
				9996FE542B5695760013321D /* Embed Foundation Extensions */,
				DCC9DCC8B2F60C02DB48C2C2 /* [CP] Embed Pods Frameworks */,
			);
			buildRules = (
			);
			dependencies = (
				9996FE4F2B5695760013321D /* PBXTargetDependency */,
			);
			name = petraschu;
			productName = petraschu_APP;
			productReference = 99F725A52B2C5DF700F7A702 /* petraschu.app */;
			productType = "com.apple.product-type.application";
		};
/* End PBXNativeTarget section */

/* Begin PBXProject section */
		99F7259D2B2C5DF700F7A702 /* Project object */ = {
			isa = PBXProject;
			attributes = {
				BuildIndependentTargetsInParallel = 1;
				LastSwiftUpdateCheck = 1510;
				LastUpgradeCheck = 1500;
				TargetAttributes = {
					9996FE482B5695760013321D = {
						CreatedOnToolsVersion = 15.1;
					};
					99F725A42B2C5DF700F7A702 = {
						CreatedOnToolsVersion = 15.0.1;
					};
				};
			};
			buildConfigurationList = 99F725A02B2C5DF700F7A702 /* Build configuration list for PBXProject "petraschu" */;
			compatibilityVersion = "Xcode 14.0";
			developmentRegion = ko;
			hasScannedForEncodings = 0;
			knownRegions = (
				en,
				Base,
				ko,
			);
			mainGroup = 99F7259C2B2C5DF700F7A702;
			productRefGroup = 99F725A62B2C5DF700F7A702 /* Products */;
			projectDirPath = "";
			projectRoot = "";
			targets = (
				99F725A42B2C5DF700F7A702 /* petraschu */,
				9996FE482B5695760013321D /* FlareLaneNotificationServiceExtension */,
			);
		};
/* End PBXProject section */

/* Begin PBXResourcesBuildPhase section */
		9996FE472B5695760013321D /* Resources */ = {
			isa = PBXResourcesBuildPhase;
			buildActionMask = 2147483647;
			files = (
			);
			runOnlyForDeploymentPostprocessing = 0;
		};
		99F725A32B2C5DF700F7A702 /* Resources */ = {
			isa = PBXResourcesBuildPhase;
			buildActionMask = 2147483647;
			files = (
				99F725B52B2C5DF800F7A702 /* LaunchScreen.storyboard in Resources */,
				99F725B22B2C5DF800F7A702 /* Assets.xcassets in Resources */,
				99F725B02B2C5DF700F7A702 /* Main.storyboard in Resources */,
				997ECBBC2B39852800D4A81F /* 앱 로딩 화면.jpg in Resources */,
			);
			runOnlyForDeploymentPostprocessing = 0;
		};
/* End PBXResourcesBuildPhase section */

/* Begin PBXShellScriptBuildPhase section */
		0FA43289FCB938510AEA8F77 /* [CP] Check Pods Manifest.lock */ = {
			isa = PBXShellScriptBuildPhase;
			buildActionMask = 2147483647;
			files = (
			);
			inputFileListPaths = (
			);
			inputPaths = (
				"${PODS_PODFILE_DIR_PATH}/Podfile.lock",
				"${PODS_ROOT}/Manifest.lock",
			);
			name = "[CP] Check Pods Manifest.lock";
			outputFileListPaths = (
			);
			outputPaths = (
				"$(DERIVED_FILE_DIR)/Pods-petraschu-checkManifestLockResult.txt",
			);
			runOnlyForDeploymentPostprocessing = 0;
			shellPath = /bin/sh;
			shellScript = "diff \"${PODS_PODFILE_DIR_PATH}/Podfile.lock\" \"${PODS_ROOT}/Manifest.lock\" > /dev/null\nif [ $? != 0 ] ; then\n    # print error to STDERR\n    echo \"error: The sandbox is not in sync with the Podfile.lock. Run 'pod install' or update your CocoaPods installation.\" >&2\n    exit 1\nfi\n# This output is used by Xcode 'outputs' to avoid re-running this script phase.\necho \"SUCCESS\" > \"${SCRIPT_OUTPUT_FILE_0}\"\n";
			showEnvVarsInLog = 0;
		};
		CC756AA91D0BC34B495F2D0D /* [CP] Check Pods Manifest.lock */ = {
			isa = PBXShellScriptBuildPhase;
			buildActionMask = 2147483647;
			files = (
			);
			inputFileListPaths = (
			);
			inputPaths = (
				"${PODS_PODFILE_DIR_PATH}/Podfile.lock",
				"${PODS_ROOT}/Manifest.lock",
			);
			name = "[CP] Check Pods Manifest.lock";
			outputFileListPaths = (
			);
			outputPaths = (
				"$(DERIVED_FILE_DIR)/Pods-FlareLaneNotificationServiceExtension-checkManifestLockResult.txt",
			);
			runOnlyForDeploymentPostprocessing = 0;
			shellPath = /bin/sh;
			shellScript = "diff \"${PODS_PODFILE_DIR_PATH}/Podfile.lock\" \"${PODS_ROOT}/Manifest.lock\" > /dev/null\nif [ $? != 0 ] ; then\n    # print error to STDERR\n    echo \"error: The sandbox is not in sync with the Podfile.lock. Run 'pod install' or update your CocoaPods installation.\" >&2\n    exit 1\nfi\n# This output is used by Xcode 'outputs' to avoid re-running this script phase.\necho \"SUCCESS\" > \"${SCRIPT_OUTPUT_FILE_0}\"\n";
			showEnvVarsInLog = 0;
		};
		DCC9DCC8B2F60C02DB48C2C2 /* [CP] Embed Pods Frameworks */ = {
			isa = PBXShellScriptBuildPhase;
			buildActionMask = 2147483647;
			files = (
			);
			inputFileListPaths = (
				"${PODS_ROOT}/Target Support Files/Pods-petraschu/Pods-petraschu-frameworks-${CONFIGURATION}-input-files.xcfilelist",
			);
			name = "[CP] Embed Pods Frameworks";
			outputFileListPaths = (
				"${PODS_ROOT}/Target Support Files/Pods-petraschu/Pods-petraschu-frameworks-${CONFIGURATION}-output-files.xcfilelist",
			);
			runOnlyForDeploymentPostprocessing = 0;
			shellPath = /bin/sh;
			shellScript = "\"${PODS_ROOT}/Target Support Files/Pods-petraschu/Pods-petraschu-frameworks.sh\"\n";
			showEnvVarsInLog = 0;
		};
/* End PBXShellScriptBuildPhase section */

/* Begin PBXSourcesBuildPhase section */
		9996FE452B5695760013321D /* Sources */ = {
			isa = PBXSourcesBuildPhase;
			buildActionMask = 2147483647;
			files = (
				9996FE4C2B5695760013321D /* NotificationService.swift in Sources */,
			);
			runOnlyForDeploymentPostprocessing = 0;
		};
		99F725A12B2C5DF700F7A702 /* Sources */ = {
			isa = PBXSourcesBuildPhase;
			buildActionMask = 2147483647;
			files = (
				99F725AD2B2C5DF700F7A702 /* ViewController.swift in Sources */,
				99F725A92B2C5DF700F7A702 /* AppDelegate.swift in Sources */,
				997ECBB82B39841200D4A81F /* LaunchScreenViewController.swift in Sources */,
				99F725AB2B2C5DF700F7A702 /* SceneDelegate.swift in Sources */,
			);
			runOnlyForDeploymentPostprocessing = 0;
		};
/* End PBXSourcesBuildPhase section */

/* Begin PBXTargetDependency section */
		9996FE4F2B5695760013321D /* PBXTargetDependency */ = {
			isa = PBXTargetDependency;
			target = 9996FE482B5695760013321D /* FlareLaneNotificationServiceExtension */;
			targetProxy = 9996FE4E2B5695760013321D /* PBXContainerItemProxy */;
		};
/* End PBXTargetDependency section */

/* Begin PBXVariantGroup section */
		99F725AE2B2C5DF700F7A702 /* Main.storyboard */ = {
			isa = PBXVariantGroup;
			children = (
				99F725AF2B2C5DF700F7A702 /* Base */,
				990AA2D62B3AE7E40039A38E /* ko */,
			);
			name = Main.storyboard;
			sourceTree = "<group>";
		};
		99F725B32B2C5DF800F7A702 /* LaunchScreen.storyboard */ = {
			isa = PBXVariantGroup;
			children = (
				99F725B42B2C5DF800F7A702 /* Base */,
				990AA2D72B3AE7E40039A38E /* ko */,
			);
			name = LaunchScreen.storyboard;
			sourceTree = "<group>";
		};
/* End PBXVariantGroup section */

/* Begin XCBuildConfiguration section */
		9996FE522B5695760013321D /* Debug */ = {
			isa = XCBuildConfiguration;
			baseConfigurationReference = A822BC66AF2140B95E607494 /* Pods-FlareLaneNotificationServiceExtension.debug.xcconfig */;
			buildSettings = {
				CODE_SIGN_STYLE = Automatic;
				CURRENT_PROJECT_VERSION = 1;
				DEVELOPMENT_TEAM = L47A4526FL;
				GENERATE_INFOPLIST_FILE = YES;
				INFOPLIST_FILE = FlareLaneNotificationServiceExtension/Info.plist;
				INFOPLIST_KEY_CFBundleDisplayName = FlareLaneNotificationServiceExtension;
				INFOPLIST_KEY_NSHumanReadableCopyright = "";
				IPHONEOS_DEPLOYMENT_TARGET = 17.2;
				LD_RUNPATH_SEARCH_PATHS = (
					"$(inherited)",
					"@executable_path/Frameworks",
					"@executable_path/../../Frameworks",
				);
				MARKETING_VERSION = 1.0;
				PRODUCT_BUNDLE_IDENTIFIER = com.dmpnetworks.petraschu.FlareLaneNotificationServiceExtension;
				PRODUCT_NAME = "$(TARGET_NAME)";
				SKIP_INSTALL = YES;
				SWIFT_EMIT_LOC_STRINGS = YES;
				SWIFT_VERSION = 5.0;
				TARGETED_DEVICE_FAMILY = "1,2";
			};
			name = Debug;
		};
		9996FE532B5695760013321D /* Release */ = {
			isa = XCBuildConfiguration;
			baseConfigurationReference = 055DC357A6DF42B40C011E3A /* Pods-FlareLaneNotificationServiceExtension.release.xcconfig */;
			buildSettings = {
				CODE_SIGN_STYLE = Automatic;
				CURRENT_PROJECT_VERSION = 1;
				DEVELOPMENT_TEAM = L47A4526FL;
				GENERATE_INFOPLIST_FILE = YES;
				INFOPLIST_FILE = FlareLaneNotificationServiceExtension/Info.plist;
				INFOPLIST_KEY_CFBundleDisplayName = FlareLaneNotificationServiceExtension;
				INFOPLIST_KEY_NSHumanReadableCopyright = "";
				IPHONEOS_DEPLOYMENT_TARGET = 17.2;
				LD_RUNPATH_SEARCH_PATHS = (
					"$(inherited)",
					"@executable_path/Frameworks",
					"@executable_path/../../Frameworks",
				);
				MARKETING_VERSION = 1.0;
				PRODUCT_BUNDLE_IDENTIFIER = com.dmpnetworks.petraschu.FlareLaneNotificationServiceExtension;
				PRODUCT_NAME = "$(TARGET_NAME)";
				SKIP_INSTALL = YES;
				SWIFT_EMIT_LOC_STRINGS = YES;
				SWIFT_VERSION = 5.0;
				TARGETED_DEVICE_FAMILY = "1,2";
			};
			name = Release;
		};
		99F725B72B2C5DF800F7A702 /* Debug */ = {
			isa = XCBuildConfiguration;
			buildSettings = {
				ALWAYS_SEARCH_USER_PATHS = NO;
				ASSETCATALOG_COMPILER_GENERATE_SWIFT_ASSET_SYMBOL_EXTENSIONS = YES;
				CLANG_ANALYZER_LOCALIZABILITY_NONLOCALIZED = YES;
				CLANG_ANALYZER_NONNULL = YES;
				CLANG_ANALYZER_NUMBER_OBJECT_CONVERSION = YES_AGGRESSIVE;
				CLANG_CXX_LANGUAGE_STANDARD = "gnu++20";
				CLANG_ENABLE_MODULES = YES;
				CLANG_ENABLE_OBJC_ARC = YES;
				CLANG_ENABLE_OBJC_WEAK = YES;
				CLANG_WARN_BLOCK_CAPTURE_AUTORELEASING = YES;
				CLANG_WARN_BOOL_CONVERSION = YES;
				CLANG_WARN_COMMA = YES;
				CLANG_WARN_CONSTANT_CONVERSION = YES;
				CLANG_WARN_DEPRECATED_OBJC_IMPLEMENTATIONS = YES;
				CLANG_WARN_DIRECT_OBJC_ISA_USAGE = YES_ERROR;
				CLANG_WARN_DOCUMENTATION_COMMENTS = YES;
				CLANG_WARN_EMPTY_BODY = YES;
				CLANG_WARN_ENUM_CONVERSION = YES;
				CLANG_WARN_INFINITE_RECURSION = YES;
				CLANG_WARN_INT_CONVERSION = YES;
				CLANG_WARN_NON_LITERAL_NULL_CONVERSION = YES;
				CLANG_WARN_OBJC_IMPLICIT_RETAIN_SELF = YES;
				CLANG_WARN_OBJC_LITERAL_CONVERSION = YES;
				CLANG_WARN_OBJC_ROOT_CLASS = YES_ERROR;
				CLANG_WARN_QUOTED_INCLUDE_IN_FRAMEWORK_HEADER = YES;
				CLANG_WARN_RANGE_LOOP_ANALYSIS = YES;
				CLANG_WARN_STRICT_PROTOTYPES = YES;
				CLANG_WARN_SUSPICIOUS_MOVE = YES;
				CLANG_WARN_UNGUARDED_AVAILABILITY = YES_AGGRESSIVE;
				CLANG_WARN_UNREACHABLE_CODE = YES;
				CLANG_WARN__DUPLICATE_METHOD_MATCH = YES;
				COPY_PHASE_STRIP = NO;
				DEBUG_INFORMATION_FORMAT = dwarf;
				ENABLE_STRICT_OBJC_MSGSEND = YES;
				ENABLE_TESTABILITY = YES;
				ENABLE_USER_SCRIPT_SANDBOXING = NO;
				GCC_C_LANGUAGE_STANDARD = gnu17;
				GCC_DYNAMIC_NO_PIC = NO;
				GCC_NO_COMMON_BLOCKS = YES;
				GCC_OPTIMIZATION_LEVEL = 0;
				GCC_PREPROCESSOR_DEFINITIONS = (
					"DEBUG=1",
					"$(inherited)",
				);
				GCC_WARN_64_TO_32_BIT_CONVERSION = YES;
				GCC_WARN_ABOUT_RETURN_TYPE = YES_ERROR;
				GCC_WARN_UNDECLARED_SELECTOR = YES;
				GCC_WARN_UNINITIALIZED_AUTOS = YES_AGGRESSIVE;
				GCC_WARN_UNUSED_FUNCTION = YES;
				GCC_WARN_UNUSED_VARIABLE = YES;
				IPHONEOS_DEPLOYMENT_TARGET = 17.0;
				LOCALIZATION_PREFERS_STRING_CATALOGS = YES;
				MTL_ENABLE_DEBUG_INFO = INCLUDE_SOURCE;
				MTL_FAST_MATH = YES;
				ONLY_ACTIVE_ARCH = YES;
				SDKROOT = iphoneos;
				SWIFT_ACTIVE_COMPILATION_CONDITIONS = "DEBUG $(inherited)";
				SWIFT_OPTIMIZATION_LEVEL = "-Onone";
			};
			name = Debug;
		};
		99F725B82B2C5DF800F7A702 /* Release */ = {
			isa = XCBuildConfiguration;
			buildSettings = {
				ALWAYS_SEARCH_USER_PATHS = NO;
				ASSETCATALOG_COMPILER_GENERATE_SWIFT_ASSET_SYMBOL_EXTENSIONS = YES;
				CLANG_ANALYZER_LOCALIZABILITY_NONLOCALIZED = YES;
				CLANG_ANALYZER_NONNULL = YES;
				CLANG_ANALYZER_NUMBER_OBJECT_CONVERSION = YES_AGGRESSIVE;
				CLANG_CXX_LANGUAGE_STANDARD = "gnu++20";
				CLANG_ENABLE_MODULES = YES;
				CLANG_ENABLE_OBJC_ARC = YES;
				CLANG_ENABLE_OBJC_WEAK = YES;
				CLANG_WARN_BLOCK_CAPTURE_AUTORELEASING = YES;
				CLANG_WARN_BOOL_CONVERSION = YES;
				CLANG_WARN_COMMA = YES;
				CLANG_WARN_CONSTANT_CONVERSION = YES;
				CLANG_WARN_DEPRECATED_OBJC_IMPLEMENTATIONS = YES;
				CLANG_WARN_DIRECT_OBJC_ISA_USAGE = YES_ERROR;
				CLANG_WARN_DOCUMENTATION_COMMENTS = YES;
				CLANG_WARN_EMPTY_BODY = YES;
				CLANG_WARN_ENUM_CONVERSION = YES;
				CLANG_WARN_INFINITE_RECURSION = YES;
				CLANG_WARN_INT_CONVERSION = YES;
				CLANG_WARN_NON_LITERAL_NULL_CONVERSION = YES;
				CLANG_WARN_OBJC_IMPLICIT_RETAIN_SELF = YES;
				CLANG_WARN_OBJC_LITERAL_CONVERSION = YES;
				CLANG_WARN_OBJC_ROOT_CLASS = YES_ERROR;
				CLANG_WARN_QUOTED_INCLUDE_IN_FRAMEWORK_HEADER = YES;
				CLANG_WARN_RANGE_LOOP_ANALYSIS = YES;
				CLANG_WARN_STRICT_PROTOTYPES = YES;
				CLANG_WARN_SUSPICIOUS_MOVE = YES;
				CLANG_WARN_UNGUARDED_AVAILABILITY = YES_AGGRESSIVE;
				CLANG_WARN_UNREACHABLE_CODE = YES;
				CLANG_WARN__DUPLICATE_METHOD_MATCH = YES;
				COPY_PHASE_STRIP = NO;
				DEBUG_INFORMATION_FORMAT = "dwarf-with-dsym";
				ENABLE_NS_ASSERTIONS = NO;
				ENABLE_STRICT_OBJC_MSGSEND = YES;
				ENABLE_USER_SCRIPT_SANDBOXING = NO;
				GCC_C_LANGUAGE_STANDARD = gnu17;
				GCC_NO_COMMON_BLOCKS = YES;
				GCC_WARN_64_TO_32_BIT_CONVERSION = YES;
				GCC_WARN_ABOUT_RETURN_TYPE = YES_ERROR;
				GCC_WARN_UNDECLARED_SELECTOR = YES;
				GCC_WARN_UNINITIALIZED_AUTOS = YES_AGGRESSIVE;
				GCC_WARN_UNUSED_FUNCTION = YES;
				GCC_WARN_UNUSED_VARIABLE = YES;
				IPHONEOS_DEPLOYMENT_TARGET = 17.0;
				LOCALIZATION_PREFERS_STRING_CATALOGS = YES;
				MTL_ENABLE_DEBUG_INFO = NO;
				MTL_FAST_MATH = YES;
				SDKROOT = iphoneos;
				SWIFT_COMPILATION_MODE = wholemodule;
				VALIDATE_PRODUCT = YES;
			};
			name = Release;
		};
		99F725BA2B2C5DF800F7A702 /* Debug */ = {
			isa = XCBuildConfiguration;
			baseConfigurationReference = FBE615543937764C2A2CD0FF /* Pods-petraschu.debug.xcconfig */;
			buildSettings = {
				ALWAYS_EMBED_SWIFT_STANDARD_LIBRARIES = YES;
				ASSETCATALOG_COMPILER_APPICON_NAME = AppIcon;
				ASSETCATALOG_COMPILER_GLOBAL_ACCENT_COLOR_NAME = AccentColor;
				CODE_SIGN_ENTITLEMENTS = petraschu/petraschu.entitlements;
				CODE_SIGN_STYLE = Automatic;
				CURRENT_PROJECT_VERSION = 3;
				DEVELOPMENT_TEAM = L47A4526FL;
				GENERATE_INFOPLIST_FILE = YES;
				INFOPLIST_FILE = petraschu/Info.plist;
				INFOPLIST_KEY_NSLocationAlwaysAndWhenInUseUsageDescription = "위치 기반 서비스 제공을 위해 권한을 허용해주세요. 현재 사용자의 위치를 기반으로 주변 동물병원을 찾기 위해서 활용됩니다.";
				INFOPLIST_KEY_NSLocationAlwaysUsageDescription = "위치 기반 서비스 제공을 위해 권한을 허용해주세요. 현재 사용자의 위치를 기반으로 주변 동물병원을 찾기 위해서 활용됩니다.";
				INFOPLIST_KEY_NSLocationWhenInUseUsageDescription = "위치 기반 서비스 제공을 위해 권한을 허용해주세요. 현재 사용자의 위치를 기반으로 주변 동물병원을 찾기 위해서 활용됩니다.";
				INFOPLIST_KEY_NSUserTrackingUsageDescription = "사용자 맞춤 서비스 제공을 위해 권한을 허용해주세요. 애플 정책 기반 개인화된 광고 제공 목적으로만 사용됩니다.";
				INFOPLIST_KEY_UIApplicationSupportsIndirectInputEvents = YES;
				INFOPLIST_KEY_UILaunchStoryboardName = LaunchScreen;
				INFOPLIST_KEY_UIMainStoryboardFile = Main;
				INFOPLIST_KEY_UISupportedInterfaceOrientations_iPad = "UIInterfaceOrientationPortrait UIInterfaceOrientationPortraitUpsideDown UIInterfaceOrientationLandscapeLeft UIInterfaceOrientationLandscapeRight";
				INFOPLIST_KEY_UISupportedInterfaceOrientations_iPhone = "UIInterfaceOrientationPortrait UIInterfaceOrientationLandscapeLeft UIInterfaceOrientationLandscapeRight";
				IPHONEOS_DEPLOYMENT_TARGET = 16.0;
				LD_RUNPATH_SEARCH_PATHS = (
					"$(inherited)",
					"@executable_path/Frameworks",
				);
				MARKETING_VERSION = 1.9.3;
				PRODUCT_BUNDLE_IDENTIFIER = com.dmpnetworks.petraschu;
				PRODUCT_NAME = "$(TARGET_NAME)";
				SUPPORTED_PLATFORMS = "iphoneos iphonesimulator";
				SUPPORTS_MACCATALYST = NO;
				SWIFT_EMIT_LOC_STRINGS = YES;
				SWIFT_VERSION = 5.0;
				TARGETED_DEVICE_FAMILY = "1,2";
			};
			name = Debug;
		};
		99F725BB2B2C5DF800F7A702 /* Release */ = {
			isa = XCBuildConfiguration;
			baseConfigurationReference = 1AE8135FF1C43C3AD86087FA /* Pods-petraschu.release.xcconfig */;
			buildSettings = {
				ALWAYS_EMBED_SWIFT_STANDARD_LIBRARIES = YES;
				ASSETCATALOG_COMPILER_APPICON_NAME = AppIcon;
				ASSETCATALOG_COMPILER_GLOBAL_ACCENT_COLOR_NAME = AccentColor;
				CODE_SIGN_ENTITLEMENTS = petraschu/petraschu.entitlements;
				CODE_SIGN_STYLE = Automatic;
				CURRENT_PROJECT_VERSION = 3;
				DEVELOPMENT_TEAM = L47A4526FL;
				GENERATE_INFOPLIST_FILE = YES;
				INFOPLIST_FILE = petraschu/Info.plist;
				INFOPLIST_KEY_NSLocationAlwaysAndWhenInUseUsageDescription = "위치 기반 서비스 제공을 위해 권한을 허용해주세요. 현재 사용자의 위치를 기반으로 주변 동물병원을 찾기 위해서 활용됩니다.";
				INFOPLIST_KEY_NSLocationAlwaysUsageDescription = "위치 기반 서비스 제공을 위해 권한을 허용해주세요. 현재 사용자의 위치를 기반으로 주변 동물병원을 찾기 위해서 활용됩니다.";
				INFOPLIST_KEY_NSLocationWhenInUseUsageDescription = "위치 기반 서비스 제공을 위해 권한을 허용해주세요. 현재 사용자의 위치를 기반으로 주변 동물병원을 찾기 위해서 활용됩니다.";
				INFOPLIST_KEY_NSUserTrackingUsageDescription = "사용자 맞춤 서비스 제공을 위해 권한을 허용해주세요. 애플 정책 기반 개인화된 광고 제공 목적으로만 사용됩니다.";
				INFOPLIST_KEY_UIApplicationSupportsIndirectInputEvents = YES;
				INFOPLIST_KEY_UILaunchStoryboardName = LaunchScreen;
				INFOPLIST_KEY_UIMainStoryboardFile = Main;
				INFOPLIST_KEY_UISupportedInterfaceOrientations_iPad = "UIInterfaceOrientationPortrait UIInterfaceOrientationPortraitUpsideDown UIInterfaceOrientationLandscapeLeft UIInterfaceOrientationLandscapeRight";
				INFOPLIST_KEY_UISupportedInterfaceOrientations_iPhone = "UIInterfaceOrientationPortrait UIInterfaceOrientationLandscapeLeft UIInterfaceOrientationLandscapeRight";
				IPHONEOS_DEPLOYMENT_TARGET = 16.0;
				LD_RUNPATH_SEARCH_PATHS = (
					"$(inherited)",
					"@executable_path/Frameworks",
				);
				MARKETING_VERSION = 1.9.3;
				PRODUCT_BUNDLE_IDENTIFIER = com.dmpnetworks.petraschu;
				PRODUCT_NAME = "$(TARGET_NAME)";
				SUPPORTED_PLATFORMS = "iphoneos iphonesimulator";
				SUPPORTS_MACCATALYST = NO;
				SWIFT_EMIT_LOC_STRINGS = YES;
				SWIFT_VERSION = 5.0;
				TARGETED_DEVICE_FAMILY = "1,2";
			};
			name = Release;
		};
/* End XCBuildConfiguration section */

/* Begin XCConfigurationList section */
		9996FE512B5695760013321D /* Build configuration list for PBXNativeTarget "FlareLaneNotificationServiceExtension" */ = {
			isa = XCConfigurationList;
			buildConfigurations = (
				9996FE522B5695760013321D /* Debug */,
				9996FE532B5695760013321D /* Release */,
			);
			defaultConfigurationIsVisible = 0;
			defaultConfigurationName = Release;
		};
		99F725A02B2C5DF700F7A702 /* Build configuration list for PBXProject "petraschu" */ = {
			isa = XCConfigurationList;
			buildConfigurations = (
				99F725B72B2C5DF800F7A702 /* Debug */,
				99F725B82B2C5DF800F7A702 /* Release */,
			);
			defaultConfigurationIsVisible = 0;
			defaultConfigurationName = Release;
		};
		99F725B92B2C5DF800F7A702 /* Build configuration list for PBXNativeTarget "petraschu" */ = {
			isa = XCConfigurationList;
			buildConfigurations = (
				99F725BA2B2C5DF800F7A702 /* Debug */,
				99F725BB2B2C5DF800F7A702 /* Release */,
			);
			defaultConfigurationIsVisible = 0;
			defaultConfigurationName = Release;
		};
/* End XCConfigurationList section */
	};
	rootObject = 99F7259D2B2C5DF700F7A702 /* Project object */;
}
